PODS:
  - Flutter (1.0.0)
  - integration_test (0.0.1):
    - Flutter
  - x_overlay (0.0.1):
    - Flutter

DEPENDENCIES:
  - Flutter (from `Flutter`)
  - integration_test (from `.symlinks/plugins/integration_test/ios`)
  - x_overlay (from `.symlinks/plugins/x_overlay/ios`)

EXTERNAL SOURCES:
  Flutter:
    :path: Flutter
  integration_test:
    :path: ".symlinks/plugins/integration_test/ios"
  x_overlay:
    :path: ".symlinks/plugins/x_overlay/ios"

SPEC CHECKSUMS:
  Flutter: e0871f40cf51350855a761d2e70bf5af5b9b5de7
  integration_test: ce0a3ffa1de96d1a89ca0ac26fca7ea18a749ef4
  x_overlay: b8b048db7c317a1b06eed1e6fc7ec01ae5235ef2

PODFILE CHECKSUM: 6e700dec67e6deac9b1c69bb14c49a2217a12d15

COCOAPODS: 1.14.2
